
Microsoft Visual Studio Solution File, Format Version 12.00
# Visual Studio Version 17
VisualStudioVersion = 17.10.35122.118
MinimumVisualStudioVersion = 10.0.40219.1
Project("{FAE04EC0-301F-11D3-BF4B-00C04F79EFBC}") = "HMS", "HMS\HMS.csproj", "{0B1BE3C3-DE81-4BD5-90E9-EA298595B639}"
EndProject
Global
	GlobalSection(SolutionConfigurationPlatforms) = preSolution
		Debug|Any CPU = Debug|Any CPU
		Release|Any CPU = Release|Any CPU
	EndGlobalSection
	GlobalSection(ProjectConfigurationPlatforms) = postSolution
		{0B1BE3C3-DE81-4BD5-90E9-EA298595B639}.Debug|Any CPU.ActiveCfg = Debug|Any CPU
		{0B1BE3C3-DE81-4BD5-90E9-EA298595B639}.Debug|Any CPU.Build.0 = Debug|Any CPU
		{0B1BE3C3-DE81-4BD5-90E9-EA298595B639}.Release|Any CPU.ActiveCfg = Release|Any CPU
		{0B1BE3C3-DE81-4BD5-90E9-EA298595B639}.Release|Any CPU.Build.0 = Release|Any CPU
	EndGlobalSection
	GlobalSection(SolutionProperties) = preSolution
		HideSolutionNode = FALSE
	EndGlobalSection
	GlobalSection(ExtensibilityGlobals) = postSolution
		SolutionGuid = {F70EA068-75A8-41EE-8DCC-CB4342E1C1F9}
	EndGlobalSection
EndGlobal
